<?xml version="1.0" encoding="utf-8"?>
<Project ToolsVersion="4.0" xmlns="http://schemas.microsoft.com/developer/msbuild/2003">
  <ItemGroup>
    <Filter Include="Sources">
      <UniqueIdentifier>{93995380-89BD-4b04-88EB-625FBE52EBFB}</UniqueIdentifier>
      <Extensions>h;hh;hpp;hxx;hm;inl;inc;xsd</Extensions>
    </Filter>
  </ItemGroup>
  <ItemGroup>
    <ClCompile Include="src\board.cpp">
      <Filter>Sources</Filter>
    </ClCompile>
    <ClCompile Include="src\cell.cpp">
      <Filter>Sources</Filter>
    </ClCompile>
    <ClCompile Include="src\game.cpp">
      <Filter>Sources</Filter>
    </ClCompile>
    <ClCompile Include="src\player.cpp">
      <Filter>Sources</Filter>
    </ClCompile>
    <ClCompile Include="src\playerview.cpp">
      <Filter>Sources</Filter>
    </ClCompile>
    <ClCompile Include="src\boardloader.cpp">
      <Filter>Sources</Filter>
    </ClCompile>
  </ItemGroup>
  <ItemGroup>
    <ClInclude Include="src\board.h">
      <Filter>Sources</Filter>
    </ClInclude>
    <ClInclude Include="src\cell.h">
      <Filter>Sources</Filter>
    </ClInclude>
    <ClInclude Include="src\cellview.h">
      <Filter>Sources</Filter>
    </ClInclude>
    <ClInclude Include="src\game.h">
      <Filter>Sources</Filter>
    </ClInclude>
    <ClInclude Include="src\player.h">
      <Filter>Sources</Filter>
    </ClInclude>
    <ClInclude Include="src\playerview.h">
      <Filter>Sources</Filter>
    </ClInclude>
    <ClInclude Include="src\boardloader.h">
      <Filter>Sources</Filter>
    </ClInclude>
  </ItemGroup>
</Project>