
Microsoft Visual Studio Solution File, Format Version 12.00
# Visual Studio Version 16
VisualStudioVersion = 16.0.29201.188
MinimumVisualStudioVersion = 10.0.40219.1
Project("{8BC9CEB8-8B4A-11D0-8D11-00A0C91BC942}") = "Library", "Library.vcxproj", "{A24B9850-E580-417E-B253-5FB2EEF2C7D8}"
EndProject
Project("{8BC9CEB8-8B4A-11D0-8D11-00A0C91BC942}") = "Terminal", "Terminal.vcxproj", "{14F44503-6273-459A-A091-43BF75F8BB4A}"
	ProjectSection(ProjectDependencies) = postProject
		{A24B9850-E580-417E-B253-5FB2EEF2C7D8} = {A24B9850-E580-417E-B253-5FB2EEF2C7D8}
	EndProjectSection
EndProject
Project("{8BC9CEB8-8B4A-11D0-8D11-00A0C91BC942}") = "CAPI", "CAPI.vcxproj", "{CAAE4BD0-1DE3-41CF-9BC2-31E1BF0F41D1}"
	ProjectSection(ProjectDependencies) = postProject
		{A24B9850-E580-417E-B253-5FB2EEF2C7D8} = {A24B9850-E580-417E-B253-5FB2EEF2C7D8}
	EndProjectSection
EndProject
Global
	GlobalSection(SolutionConfigurationPlatforms) = preSolution
		Debug|x64 = Debug|x64
		Release|x64 = Release|x64
	EndGlobalSection
	GlobalSection(ProjectConfigurationPlatforms) = postSolution
		{A24B9850-E580-417E-B253-5FB2EEF2C7D8}.Debug|x64.ActiveCfg = Debug|x64
		{A24B9850-E580-417E-B253-5FB2EEF2C7D8}.Debug|x64.Build.0 = Debug|x64
		{A24B9850-E580-417E-B253-5FB2EEF2C7D8}.Release|x64.ActiveCfg = Debug|x64
		{A24B9850-E580-417E-B253-5FB2EEF2C7D8}.Release|x64.Build.0 = Debug|x64
		{14F44503-6273-459A-A091-43BF75F8BB4A}.Debug|x64.ActiveCfg = Debug|x64
		{14F44503-6273-459A-A091-43BF75F8BB4A}.Debug|x64.Build.0 = Debug|x64
		{14F44503-6273-459A-A091-43BF75F8BB4A}.Release|x64.ActiveCfg = Debug|x64
		{14F44503-6273-459A-A091-43BF75F8BB4A}.Release|x64.Build.0 = Debug|x64
		{CAAE4BD0-1DE3-41CF-9BC2-31E1BF0F41D1}.Debug|x64.ActiveCfg = Debug|x64
		{CAAE4BD0-1DE3-41CF-9BC2-31E1BF0F41D1}.Debug|x64.Build.0 = Debug|x64
		{CAAE4BD0-1DE3-41CF-9BC2-31E1BF0F41D1}.Release|x64.ActiveCfg = Debug|x64
		{CAAE4BD0-1DE3-41CF-9BC2-31E1BF0F41D1}.Release|x64.Build.0 = Debug|x64
	EndGlobalSection
	GlobalSection(SolutionProperties) = preSolution
		HideSolutionNode = FALSE
	EndGlobalSection
	GlobalSection(ExtensibilityGlobals) = postSolution
		SolutionGuid = {11650294-EF7D-4592-855E-E29F1B6CF7C4}
	EndGlobalSection
EndGlobal
